
Microsoft Visual Studio Solution File, Format Version 12.00
# Visual Studio 14
VisualStudioVersion = 14.0.25420.1
MinimumVisualStudioVersion = 10.0.40219.1
Project("{2150E333-8FDC-42A3-9474-1A3956D46DE8}") = "Solution Items", "Solution Items", "{7623F18F-9F85-44A0-ABA3-AEAD9C609F6E}"
	ProjectSection(SolutionItems) = preProject
		Savory.Web.Mvc.bat = Savory.Web.Mvc.bat
		Savory.Web.Mvc.nuspec = Savory.Web.Mvc.nuspec
	EndProjectSection
EndProject
Project("{D954291E-2A0B-460D-934E-DC6B0785DB48}") = "Savory.Web.Mvc", "Savory.Web.Mvc\Savory.Web.Mvc.shproj", "{4E26CB91-D888-4053-BE2E-C9A2CA6A5E51}"
EndProject
Project("{FAE04EC0-301F-11D3-BF4B-00C04F79EFBC}") = "Savory.Web.Mvc.Net45", "Savory.Web.Mvc.Net45\Savory.Web.Mvc.Net45.csproj", "{31A64A90-D8BA-4451-86D4-59DDBE17ADBC}"
EndProject
Global
	GlobalSection(SharedMSBuildProjectFiles) = preSolution
		Savory.Web.Mvc\Savory.Web.Mvc.projitems*{31a64a90-d8ba-4451-86d4-59ddbe17adbc}*SharedItemsImports = 4
		Savory.Web.Mvc\Savory.Web.Mvc.projitems*{4e26cb91-d888-4053-be2e-c9a2ca6a5e51}*SharedItemsImports = 13
	EndGlobalSection
	GlobalSection(SolutionConfigurationPlatforms) = preSolution
		Debug|Any CPU = Debug|Any CPU
		Release|Any CPU = Release|Any CPU
	EndGlobalSection
	GlobalSection(ProjectConfigurationPlatforms) = postSolution
		{31A64A90-D8BA-4451-86D4-59DDBE17ADBC}.Debug|Any CPU.ActiveCfg = Debug|Any CPU
		{31A64A90-D8BA-4451-86D4-59DDBE17ADBC}.Debug|Any CPU.Build.0 = Debug|Any CPU
		{31A64A90-D8BA-4451-86D4-59DDBE17ADBC}.Release|Any CPU.ActiveCfg = Release|Any CPU
		{31A64A90-D8BA-4451-86D4-59DDBE17ADBC}.Release|Any CPU.Build.0 = Release|Any CPU
	EndGlobalSection
	GlobalSection(SolutionProperties) = preSolution
		HideSolutionNode = FALSE
	EndGlobalSection
EndGlobal
